// !$*UTF8*$!
{
	archiveVersion = 1;
	classes = {
	};
	objectVersion = 50;
	objects = {

/* Begin PBXBuildFile section */
		1E4C1066B182E9D91A8EF9BC /* Pods_RxValidatorExample.framework in Frameworks */ = {isa = PBXBuildFile; fileRef = B16AA0F1E7CBC9336F7DAFF6 /* Pods_RxValidatorExample.framework */; };
		676C850CBD19AA38C42BAAE5 /* Pods_RxValidatorExampleUITests.framework in Frameworks */ = {isa = PBXBuildFile; fileRef = DE2227B6786F6FBC384FD4FA /* Pods_RxValidatorExampleUITests.framework */; };
		9E1293B32686A6414DD77A00 /* Pods_RxValidatorExampleTests.framework in Frameworks */ = {isa = PBXBuildFile; fileRef = 48C2EB43C8FE5B68FC28C048 /* Pods_RxValidatorExampleTests.framework */; };
		A51E5B7420D8D4CA001DFB54 /* RxValidatorResultTests.swift in Sources */ = {isa = PBXBuildFile; fileRef = A51E5B7320D8D4CA001DFB54 /* RxValidatorResultTests.swift */; };
		A52F227B20E460CC00D41784 /* AlwaysFailingTests.swift in Sources */ = {isa = PBXBuildFile; fileRef = A52F227A20E460CC00D41784 /* AlwaysFailingTests.swift */; };
		A5466E7020D746E100468D7D /* StringValidateTests.swift in Sources */ = {isa = PBXBuildFile; fileRef = A5466E6F20D746E100468D7D /* StringValidateTests.swift */; };
		A5466E7220D7471D00468D7D /* DateValidateTests.swift in Sources */ = {isa = PBXBuildFile; fileRef = A5466E7120D7471D00468D7D /* DateValidateTests.swift */; };
		A56E79BF20DA143200D33EDC /* IntValidateTests.swift in Sources */ = {isa = PBXBuildFile; fileRef = A56E79BE20DA143200D33EDC /* IntValidateTests.swift */; };
		A56E79C420DA419500D33EDC /* ObservableExtensionTests.swift in Sources */ = {isa = PBXBuildFile; fileRef = A56E79C320DA419500D33EDC /* ObservableExtensionTests.swift */; };
		A585C83020D9EA37001E80B3 /* ValidationWithRxSwiftTests.swift in Sources */ = {isa = PBXBuildFile; fileRef = A585C82F20D9EA37001E80B3 /* ValidationWithRxSwiftTests.swift */; };
		A58644BE20D77F0300B20C3B /* StringValidateRegexTests.swift in Sources */ = {isa = PBXBuildFile; fileRef = A58644BD20D77F0300B20C3B /* StringValidateRegexTests.swift */; };
		A5BC7D5920D2344F00BD839C /* AppDelegate.swift in Sources */ = {isa = PBXBuildFile; fileRef = A5BC7D5820D2344F00BD839C /* AppDelegate.swift */; };
		A5BC7D5B20D2344F00BD839C /* ViewController.swift in Sources */ = {isa = PBXBuildFile; fileRef = A5BC7D5A20D2344F00BD839C /* ViewController.swift */; };
		A5BC7D5E20D2344F00BD839C /* Main.storyboard in Resources */ = {isa = PBXBuildFile; fileRef = A5BC7D5C20D2344F00BD839C /* Main.storyboard */; };
		A5BC7D6020D2345100BD839C /* Assets.xcassets in Resources */ = {isa = PBXBuildFile; fileRef = A5BC7D5F20D2345100BD839C /* Assets.xcassets */; };
		A5BC7D6320D2345100BD839C /* LaunchScreen.storyboard in Resources */ = {isa = PBXBuildFile; fileRef = A5BC7D6120D2345100BD839C /* LaunchScreen.storyboard */; };
		A5BC7D7920D2345100BD839C /* RxValidatorExampleUITests.swift in Sources */ = {isa = PBXBuildFile; fileRef = A5BC7D7820D2345100BD839C /* RxValidatorExampleUITests.swift */; };
		A5F5F98320DC8271005B47C1 /* InstantValidateTests.swift in Sources */ = {isa = PBXBuildFile; fileRef = A5F5F98220DC8271005B47C1 /* InstantValidateTests.swift */; };
/* End PBXBuildFile section */

/* Begin PBXContainerItemProxy section */
		A5BC7D6A20D2345100BD839C /* PBXContainerItemProxy */ = {
			isa = PBXContainerItemProxy;
			containerPortal = A5BC7D4D20D2344F00BD839C /* Project object */;
			proxyType = 1;
			remoteGlobalIDString = A5BC7D5420D2344F00BD839C;
			remoteInfo = SwiftValidationCheckerExample;
		};
		A5BC7D7520D2345100BD839C /* PBXContainerItemProxy */ = {
			isa = PBXContainerItemProxy;
			containerPortal = A5BC7D4D20D2344F00BD839C /* Project object */;
			proxyType = 1;
			remoteGlobalIDString = A5BC7D5420D2344F00BD839C;
			remoteInfo = SwiftValidationCheckerExample;
		};
/* End PBXContainerItemProxy section */

/* Begin PBXFileReference section */
		12AD43436D7F95AE6A2B8B2A /* Pods-RxValidatorExampleUITests.release.xcconfig */ = {isa = PBXFileReference; includeInIndex = 1; lastKnownFileType = text.xcconfig; name = "Pods-RxValidatorExampleUITests.release.xcconfig"; path = "Pods/Target Support Files/Pods-RxValidatorExampleUITests/Pods-RxValidatorExampleUITests.release.xcconfig"; sourceTree = "<group>"; };
		23C0F9BFACA488585ADF1009 /* Pods-RxValidatorExampleTests.debug.xcconfig */ = {isa = PBXFileReference; includeInIndex = 1; lastKnownFileType = text.xcconfig; name = "Pods-RxValidatorExampleTests.debug.xcconfig"; path = "Pods/Target Support Files/Pods-RxValidatorExampleTests/Pods-RxValidatorExampleTests.debug.xcconfig"; sourceTree = "<group>"; };
		48C2EB43C8FE5B68FC28C048 /* Pods_RxValidatorExampleTests.framework */ = {isa = PBXFileReference; explicitFileType = wrapper.framework; includeInIndex = 0; path = Pods_RxValidatorExampleTests.framework; sourceTree = BUILT_PRODUCTS_DIR; };
		A4D702AEE9C4A0A9CF13F600 /* Pods-RxValidatorExampleTests.release.xcconfig */ = {isa = PBXFileReference; includeInIndex = 1; lastKnownFileType = text.xcconfig; name = "Pods-RxValidatorExampleTests.release.xcconfig"; path = "Pods/Target Support Files/Pods-RxValidatorExampleTests/Pods-RxValidatorExampleTests.release.xcconfig"; sourceTree = "<group>"; };
		A51E5B7320D8D4CA001DFB54 /* RxValidatorResultTests.swift */ = {isa = PBXFileReference; lastKnownFileType = sourcecode.swift; path = RxValidatorResultTests.swift; sourceTree = "<group>"; };
		A52F227A20E460CC00D41784 /* AlwaysFailingTests.swift */ = {isa = PBXFileReference; lastKnownFileType = sourcecode.swift; path = AlwaysFailingTests.swift; sourceTree = "<group>"; };
		A5466E6F20D746E100468D7D /* StringValidateTests.swift */ = {isa = PBXFileReference; lastKnownFileType = sourcecode.swift; path = StringValidateTests.swift; sourceTree = "<group>"; };
		A5466E7120D7471D00468D7D /* DateValidateTests.swift */ = {isa = PBXFileReference; lastKnownFileType = sourcecode.swift; path = DateValidateTests.swift; sourceTree = "<group>"; };
		A56E79BE20DA143200D33EDC /* IntValidateTests.swift */ = {isa = PBXFileReference; lastKnownFileType = sourcecode.swift; path = IntValidateTests.swift; sourceTree = "<group>"; };
		A56E79C320DA419500D33EDC /* ObservableExtensionTests.swift */ = {isa = PBXFileReference; lastKnownFileType = sourcecode.swift; path = ObservableExtensionTests.swift; sourceTree = "<group>"; };
		A585C82F20D9EA37001E80B3 /* ValidationWithRxSwiftTests.swift */ = {isa = PBXFileReference; lastKnownFileType = sourcecode.swift; path = ValidationWithRxSwiftTests.swift; sourceTree = "<group>"; };
		A58644BD20D77F0300B20C3B /* StringValidateRegexTests.swift */ = {isa = PBXFileReference; lastKnownFileType = sourcecode.swift; path = StringValidateRegexTests.swift; sourceTree = "<group>"; };
		A5BC7D5520D2344F00BD839C /* RxValidatorExample.app */ = {isa = PBXFileReference; explicitFileType = wrapper.application; includeInIndex = 0; path = RxValidatorExample.app; sourceTree = BUILT_PRODUCTS_DIR; };
		A5BC7D5820D2344F00BD839C /* AppDelegate.swift */ = {isa = PBXFileReference; lastKnownFileType = sourcecode.swift; path = AppDelegate.swift; sourceTree = "<group>"; };
		A5BC7D5A20D2344F00BD839C /* ViewController.swift */ = {isa = PBXFileReference; lastKnownFileType = sourcecode.swift; path = ViewController.swift; sourceTree = "<group>"; };
		A5BC7D5D20D2344F00BD839C /* Base */ = {isa = PBXFileReference; lastKnownFileType = file.storyboard; name = Base; path = Base.lproj/Main.storyboard; sourceTree = "<group>"; };
		A5BC7D5F20D2345100BD839C /* Assets.xcassets */ = {isa = PBXFileReference; lastKnownFileType = folder.assetcatalog; path = Assets.xcassets; sourceTree = "<group>"; };
		A5BC7D6220D2345100BD839C /* Base */ = {isa = PBXFileReference; lastKnownFileType = file.storyboard; name = Base; path = Base.lproj/LaunchScreen.storyboard; sourceTree = "<group>"; };
		A5BC7D6420D2345100BD839C /* Info.plist */ = {isa = PBXFileReference; lastKnownFileType = text.plist.xml; path = Info.plist; sourceTree = "<group>"; };
		A5BC7D6920D2345100BD839C /* RxValidatorExampleTests.xctest */ = {isa = PBXFileReference; explicitFileType = wrapper.cfbundle; includeInIndex = 0; path = RxValidatorExampleTests.xctest; sourceTree = BUILT_PRODUCTS_DIR; };
		A5BC7D6F20D2345100BD839C /* Info.plist */ = {isa = PBXFileReference; lastKnownFileType = text.plist.xml; path = Info.plist; sourceTree = "<group>"; };
		A5BC7D7420D2345100BD839C /* RxValidatorExampleUITests.xctest */ = {isa = PBXFileReference; explicitFileType = wrapper.cfbundle; includeInIndex = 0; path = RxValidatorExampleUITests.xctest; sourceTree = BUILT_PRODUCTS_DIR; };
		A5BC7D7820D2345100BD839C /* RxValidatorExampleUITests.swift */ = {isa = PBXFileReference; lastKnownFileType = sourcecode.swift; path = RxValidatorExampleUITests.swift; sourceTree = "<group>"; };
		A5BC7D7A20D2345100BD839C /* Info.plist */ = {isa = PBXFileReference; lastKnownFileType = text.plist.xml; path = Info.plist; sourceTree = "<group>"; };
		A5F5F98220DC8271005B47C1 /* InstantValidateTests.swift */ = {isa = PBXFileReference; lastKnownFileType = sourcecode.swift; path = InstantValidateTests.swift; sourceTree = "<group>"; };
		B16AA0F1E7CBC9336F7DAFF6 /* Pods_RxValidatorExample.framework */ = {isa = PBXFileReference; explicitFileType = wrapper.framework; includeInIndex = 0; path = Pods_RxValidatorExample.framework; sourceTree = BUILT_PRODUCTS_DIR; };
		B65D1B8AD60C4BBD9C38689D /* Pods-RxValidatorExample.release.xcconfig */ = {isa = PBXFileReference; includeInIndex = 1; lastKnownFileType = text.xcconfig; name = "Pods-RxValidatorExample.release.xcconfig"; path = "Pods/Target Support Files/Pods-RxValidatorExample/Pods-RxValidatorExample.release.xcconfig"; sourceTree = "<group>"; };
		CD0669F8E571E2D7DD891DD8 /* Pods-RxValidatorExample.debug.xcconfig */ = {isa = PBXFileReference; includeInIndex = 1; lastKnownFileType = text.xcconfig; name = "Pods-RxValidatorExample.debug.xcconfig"; path = "Pods/Target Support Files/Pods-RxValidatorExample/Pods-RxValidatorExample.debug.xcconfig"; sourceTree = "<group>"; };
		DE2227B6786F6FBC384FD4FA /* Pods_RxValidatorExampleUITests.framework */ = {isa = PBXFileReference; explicitFileType = wrapper.framework; includeInIndex = 0; path = Pods_RxValidatorExampleUITests.framework; sourceTree = BUILT_PRODUCTS_DIR; };
		F3D80D89C1159EDD41951F8C /* Pods-RxValidatorExampleUITests.debug.xcconfig */ = {isa = PBXFileReference; includeInIndex = 1; lastKnownFileType = text.xcconfig; name = "Pods-RxValidatorExampleUITests.debug.xcconfig"; path = "Pods/Target Support Files/Pods-RxValidatorExampleUITests/Pods-RxValidatorExampleUITests.debug.xcconfig"; sourceTree = "<group>"; };
/* End PBXFileReference section */

/* Begin PBXFrameworksBuildPhase section */
		A5BC7D5220D2344F00BD839C /* Frameworks */ = {
			isa = PBXFrameworksBuildPhase;
			buildActionMask = 2147483647;
			files = (
				1E4C1066B182E9D91A8EF9BC /* Pods_RxValidatorExample.framework in Frameworks */,
			);
			runOnlyForDeploymentPostprocessing = 0;
		};
		A5BC7D6620D2345100BD839C /* Frameworks */ = {
			isa = PBXFrameworksBuildPhase;
			buildActionMask = 2147483647;
			files = (
				9E1293B32686A6414DD77A00 /* Pods_RxValidatorExampleTests.framework in Frameworks */,
			);
			runOnlyForDeploymentPostprocessing = 0;
		};
		A5BC7D7120D2345100BD839C /* Frameworks */ = {
			isa = PBXFrameworksBuildPhase;
			buildActionMask = 2147483647;
			files = (
				676C850CBD19AA38C42BAAE5 /* Pods_RxValidatorExampleUITests.framework in Frameworks */,
			);
			runOnlyForDeploymentPostprocessing = 0;
		};
/* End PBXFrameworksBuildPhase section */

/* Begin PBXGroup section */
		31E77CE5F57DCDA6D6D6DE5E /* Frameworks */ = {
			isa = PBXGroup;
			children = (
				B16AA0F1E7CBC9336F7DAFF6 /* Pods_RxValidatorExample.framework */,
				48C2EB43C8FE5B68FC28C048 /* Pods_RxValidatorExampleTests.framework */,
				DE2227B6786F6FBC384FD4FA /* Pods_RxValidatorExampleUITests.framework */,
			);
			name = Frameworks;
			sourceTree = "<group>";
		};
		A5BC7D4C20D2344F00BD839C = {
			isa = PBXGroup;
			children = (
				A5BC7D5720D2344F00BD839C /* RxValidatorExample */,
				A5BC7D6C20D2345100BD839C /* RxValidatorExampleTests */,
				A5BC7D7720D2345100BD839C /* RxValidatorExampleUITests */,
				A5BC7D5620D2344F00BD839C /* Products */,
				B3C94452FE98164A31CD1B2E /* Pods */,
				31E77CE5F57DCDA6D6D6DE5E /* Frameworks */,
			);
			sourceTree = "<group>";
		};
		A5BC7D5620D2344F00BD839C /* Products */ = {
			isa = PBXGroup;
			children = (
				A5BC7D5520D2344F00BD839C /* RxValidatorExample.app */,
				A5BC7D6920D2345100BD839C /* RxValidatorExampleTests.xctest */,
				A5BC7D7420D2345100BD839C /* RxValidatorExampleUITests.xctest */,
			);
			name = Products;
			sourceTree = "<group>";
		};
		A5BC7D5720D2344F00BD839C /* RxValidatorExample */ = {
			isa = PBXGroup;
			children = (
				A5BC7D5820D2344F00BD839C /* AppDelegate.swift */,
				A5BC7D5A20D2344F00BD839C /* ViewController.swift */,
				A5BC7D5C20D2344F00BD839C /* Main.storyboard */,
				A5BC7D5F20D2345100BD839C /* Assets.xcassets */,
				A5BC7D6120D2345100BD839C /* LaunchScreen.storyboard */,
				A5BC7D6420D2345100BD839C /* Info.plist */,
			);
			path = RxValidatorExample;
			sourceTree = "<group>";
		};
		A5BC7D6C20D2345100BD839C /* RxValidatorExampleTests */ = {
			isa = PBXGroup;
			children = (
				A5BC7D6F20D2345100BD839C /* Info.plist */,
				A5466E6F20D746E100468D7D /* StringValidateTests.swift */,
				A5466E7120D7471D00468D7D /* DateValidateTests.swift */,
				A58644BD20D77F0300B20C3B /* StringValidateRegexTests.swift */,
				A51E5B7320D8D4CA001DFB54 /* RxValidatorResultTests.swift */,
				A585C82F20D9EA37001E80B3 /* ValidationWithRxSwiftTests.swift */,
				A56E79BE20DA143200D33EDC /* IntValidateTests.swift */,
				A56E79C320DA419500D33EDC /* ObservableExtensionTests.swift */,
				A5F5F98220DC8271005B47C1 /* InstantValidateTests.swift */,
				A52F227A20E460CC00D41784 /* AlwaysFailingTests.swift */,
			);
			path = RxValidatorExampleTests;
			sourceTree = "<group>";
		};
		A5BC7D7720D2345100BD839C /* RxValidatorExampleUITests */ = {
			isa = PBXGroup;
			children = (
				A5BC7D7820D2345100BD839C /* RxValidatorExampleUITests.swift */,
				A5BC7D7A20D2345100BD839C /* Info.plist */,
			);
			path = RxValidatorExampleUITests;
			sourceTree = "<group>";
		};
		B3C94452FE98164A31CD1B2E /* Pods */ = {
			isa = PBXGroup;
			children = (
				CD0669F8E571E2D7DD891DD8 /* Pods-RxValidatorExample.debug.xcconfig */,
				B65D1B8AD60C4BBD9C38689D /* Pods-RxValidatorExample.release.xcconfig */,
				23C0F9BFACA488585ADF1009 /* Pods-RxValidatorExampleTests.debug.xcconfig */,
				A4D702AEE9C4A0A9CF13F600 /* Pods-RxValidatorExampleTests.release.xcconfig */,
				F3D80D89C1159EDD41951F8C /* Pods-RxValidatorExampleUITests.debug.xcconfig */,
				12AD43436D7F95AE6A2B8B2A /* Pods-RxValidatorExampleUITests.release.xcconfig */,
			);
			name = Pods;
			sourceTree = "<group>";
		};
/* End PBXGroup section */

/* Begin PBXNativeTarget section */
		A5BC7D5420D2344F00BD839C /* RxValidatorExample */ = {
			isa = PBXNativeTarget;
			buildConfigurationList = A5BC7D7D20D2345100BD839C /* Build configuration list for PBXNativeTarget "RxValidatorExample" */;
			buildPhases = (
				B1F76894F3F5000657813484 /* [CP] Check Pods Manifest.lock */,
				A5BC7D5120D2344F00BD839C /* Sources */,
				A5BC7D5220D2344F00BD839C /* Frameworks */,
				A5BC7D5320D2344F00BD839C /* Resources */,
				0A13ACB53ADD70F4A76BFC45 /* [CP] Embed Pods Frameworks */,
			);
			buildRules = (
			);
			dependencies = (
			);
			name = RxValidatorExample;
			productName = SwiftValidationCheckerExample;
			productReference = A5BC7D5520D2344F00BD839C /* RxValidatorExample.app */;
			productType = "com.apple.product-type.application";
		};
		A5BC7D6820D2345100BD839C /* RxValidatorExampleTests */ = {
			isa = PBXNativeTarget;
			buildConfigurationList = A5BC7D8020D2345100BD839C /* Build configuration list for PBXNativeTarget "RxValidatorExampleTests" */;
			buildPhases = (
				82CABB305B5459FE1B46D060 /* [CP] Check Pods Manifest.lock */,
				A5BC7D6520D2345100BD839C /* Sources */,
				A5BC7D6620D2345100BD839C /* Frameworks */,
				A5BC7D6720D2345100BD839C /* Resources */,
				9553E172981AD28C49797102 /* [CP] Embed Pods Frameworks */,
			);
			buildRules = (
			);
			dependencies = (
				A5BC7D6B20D2345100BD839C /* PBXTargetDependency */,
			);
			name = RxValidatorExampleTests;
			productName = SwiftValidationCheckerExampleTests;
			productReference = A5BC7D6920D2345100BD839C /* RxValidatorExampleTests.xctest */;
			productType = "com.apple.product-type.bundle.unit-test";
		};
		A5BC7D7320D2345100BD839C /* RxValidatorExampleUITests */ = {
			isa = PBXNativeTarget;
			buildConfigurationList = A5BC7D8320D2345100BD839C /* Build configuration list for PBXNativeTarget "RxValidatorExampleUITests" */;
			buildPhases = (
				B5094D1466AFD1FF30463626 /* [CP] Check Pods Manifest.lock */,
				A5BC7D7020D2345100BD839C /* Sources */,
				A5BC7D7120D2345100BD839C /* Frameworks */,
				A5BC7D7220D2345100BD839C /* Resources */,
			);
			buildRules = (
			);
			dependencies = (
				A5BC7D7620D2345100BD839C /* PBXTargetDependency */,
			);
			name = RxValidatorExampleUITests;
			productName = SwiftValidationCheckerExampleUITests;
			productReference = A5BC7D7420D2345100BD839C /* RxValidatorExampleUITests.xctest */;
			productType = "com.apple.product-type.bundle.ui-testing";
		};
/* End PBXNativeTarget section */

/* Begin PBXProject section */
		A5BC7D4D20D2344F00BD839C /* Project object */ = {
			isa = PBXProject;
			attributes = {
				LastSwiftUpdateCheck = 0930;
				LastUpgradeCheck = 0930;
				ORGANIZATIONNAME = "유금상";
				TargetAttributes = {
					A5BC7D5420D2344F00BD839C = {
						CreatedOnToolsVersion = 9.3;
					};
					A5BC7D6820D2345100BD839C = {
						CreatedOnToolsVersion = 9.3;
						TestTargetID = A5BC7D5420D2344F00BD839C;
					};
					A5BC7D7320D2345100BD839C = {
						CreatedOnToolsVersion = 9.3;
						TestTargetID = A5BC7D5420D2344F00BD839C;
					};
				};
			};
			buildConfigurationList = A5BC7D5020D2344F00BD839C /* Build configuration list for PBXProject "RxValidatorExample" */;
			compatibilityVersion = "Xcode 9.3";
			developmentRegion = en;
			hasScannedForEncodings = 0;
			knownRegions = (
				en,
				Base,
			);
			mainGroup = A5BC7D4C20D2344F00BD839C;
			productRefGroup = A5BC7D5620D2344F00BD839C /* Products */;
			projectDirPath = "";
			projectRoot = "";
			targets = (
				A5BC7D5420D2344F00BD839C /* RxValidatorExample */,
				A5BC7D6820D2345100BD839C /* RxValidatorExampleTests */,
				A5BC7D7320D2345100BD839C /* RxValidatorExampleUITests */,
			);
		};
/* End PBXProject section */

/* Begin PBXResourcesBuildPhase section */
		A5BC7D5320D2344F00BD839C /* Resources */ = {
			isa = PBXResourcesBuildPhase;
			buildActionMask = 2147483647;
			files = (
				A5BC7D6320D2345100BD839C /* LaunchScreen.storyboard in Resources */,
				A5BC7D6020D2345100BD839C /* Assets.xcassets in Resources */,
				A5BC7D5E20D2344F00BD839C /* Main.storyboard in Resources */,
			);
			runOnlyForDeploymentPostprocessing = 0;
		};
		A5BC7D6720D2345100BD839C /* Resources */ = {
			isa = PBXResourcesBuildPhase;
			buildActionMask = 2147483647;
			files = (
			);
			runOnlyForDeploymentPostprocessing = 0;
		};
		A5BC7D7220D2345100BD839C /* Resources */ = {
			isa = PBXResourcesBuildPhase;
			buildActionMask = 2147483647;
			files = (
			);
			runOnlyForDeploymentPostprocessing = 0;
		};
/* End PBXResourcesBuildPhase section */

/* Begin PBXShellScriptBuildPhase section */
		0A13ACB53ADD70F4A76BFC45 /* [CP] Embed Pods Frameworks */ = {
			isa = PBXShellScriptBuildPhase;
			buildActionMask = 2147483647;
			files = (
			);
			inputPaths = (
				"${SRCROOT}/Pods/Target Support Files/Pods-RxValidatorExample/Pods-RxValidatorExample-frameworks.sh",
				"${BUILT_PRODUCTS_DIR}/RxCocoa/RxCocoa.framework",
				"${BUILT_PRODUCTS_DIR}/RxOptional/RxOptional.framework",
				"${BUILT_PRODUCTS_DIR}/RxSwift/RxSwift.framework",
				"${BUILT_PRODUCTS_DIR}/RxValidator/RxValidator.framework",
				"${BUILT_PRODUCTS_DIR}/SwiftDate/SwiftDate.framework",
			);
			name = "[CP] Embed Pods Frameworks";
			outputPaths = (
				"${TARGET_BUILD_DIR}/${FRAMEWORKS_FOLDER_PATH}/RxCocoa.framework",
				"${TARGET_BUILD_DIR}/${FRAMEWORKS_FOLDER_PATH}/RxOptional.framework",
				"${TARGET_BUILD_DIR}/${FRAMEWORKS_FOLDER_PATH}/RxSwift.framework",
				"${TARGET_BUILD_DIR}/${FRAMEWORKS_FOLDER_PATH}/RxValidator.framework",
				"${TARGET_BUILD_DIR}/${FRAMEWORKS_FOLDER_PATH}/SwiftDate.framework",
			);
			runOnlyForDeploymentPostprocessing = 0;
			shellPath = /bin/sh;
			shellScript = "\"${SRCROOT}/Pods/Target Support Files/Pods-RxValidatorExample/Pods-RxValidatorExample-frameworks.sh\"\n";
			showEnvVarsInLog = 0;
		};
		82CABB305B5459FE1B46D060 /* [CP] Check Pods Manifest.lock */ = {
			isa = PBXShellScriptBuildPhase;
			buildActionMask = 2147483647;
			files = (
			);
			inputPaths = (
				"${PODS_PODFILE_DIR_PATH}/Podfile.lock",
				"${PODS_ROOT}/Manifest.lock",
			);
			name = "[CP] Check Pods Manifest.lock";
			outputPaths = (
				"$(DERIVED_FILE_DIR)/Pods-RxValidatorExampleTests-checkManifestLockResult.txt",
			);
			runOnlyForDeploymentPostprocessing = 0;
			shellPath = /bin/sh;
			shellScript = "diff \"${PODS_PODFILE_DIR_PATH}/Podfile.lock\" \"${PODS_ROOT}/Manifest.lock\" > /dev/null\nif [ $? != 0 ] ; then\n    # print error to STDERR\n    echo \"error: The sandbox is not in sync with the Podfile.lock. Run 'pod install' or update your CocoaPods installation.\" >&2\n    exit 1\nfi\n# This output is used by Xcode 'outputs' to avoid re-running this script phase.\necho \"SUCCESS\" > \"${SCRIPT_OUTPUT_FILE_0}\"\n";
			showEnvVarsInLog = 0;
		};
		9553E172981AD28C49797102 /* [CP] Embed Pods Frameworks */ = {
			isa = PBXShellScriptBuildPhase;
			buildActionMask = 2147483647;
			files = (
			);
			inputPaths = (
				"${SRCROOT}/Pods/Target Support Files/Pods-RxValidatorExampleTests/Pods-RxValidatorExampleTests-frameworks.sh",
				"${BUILT_PRODUCTS_DIR}/Nimble/Nimble.framework",
				"${BUILT_PRODUCTS_DIR}/Quick/Quick.framework",
			);
			name = "[CP] Embed Pods Frameworks";
			outputPaths = (
				"${TARGET_BUILD_DIR}/${FRAMEWORKS_FOLDER_PATH}/Nimble.framework",
				"${TARGET_BUILD_DIR}/${FRAMEWORKS_FOLDER_PATH}/Quick.framework",
			);
			runOnlyForDeploymentPostprocessing = 0;
			shellPath = /bin/sh;
			shellScript = "\"${SRCROOT}/Pods/Target Support Files/Pods-RxValidatorExampleTests/Pods-RxValidatorExampleTests-frameworks.sh\"\n";
			showEnvVarsInLog = 0;
		};
		B1F76894F3F5000657813484 /* [CP] Check Pods Manifest.lock */ = {
			isa = PBXShellScriptBuildPhase;
			buildActionMask = 2147483647;
			files = (
			);
			inputPaths = (
				"${PODS_PODFILE_DIR_PATH}/Podfile.lock",
				"${PODS_ROOT}/Manifest.lock",
			);
			name = "[CP] Check Pods Manifest.lock";
			outputPaths = (
				"$(DERIVED_FILE_DIR)/Pods-RxValidatorExample-checkManifestLockResult.txt",
			);
			runOnlyForDeploymentPostprocessing = 0;
			shellPath = /bin/sh;
			shellScript = "diff \"${PODS_PODFILE_DIR_PATH}/Podfile.lock\" \"${PODS_ROOT}/Manifest.lock\" > /dev/null\nif [ $? != 0 ] ; then\n    # print error to STDERR\n    echo \"error: The sandbox is not in sync with the Podfile.lock. Run 'pod install' or update your CocoaPods installation.\" >&2\n    exit 1\nfi\n# This output is used by Xcode 'outputs' to avoid re-running this script phase.\necho \"SUCCESS\" > \"${SCRIPT_OUTPUT_FILE_0}\"\n";
			showEnvVarsInLog = 0;
		};
		B5094D1466AFD1FF30463626 /* [CP] Check Pods Manifest.lock */ = {
			isa = PBXShellScriptBuildPhase;
			buildActionMask = 2147483647;
			files = (
			);
			inputPaths = (
				"${PODS_PODFILE_DIR_PATH}/Podfile.lock",
				"${PODS_ROOT}/Manifest.lock",
			);
			name = "[CP] Check Pods Manifest.lock";
			outputPaths = (
				"$(DERIVED_FILE_DIR)/Pods-RxValidatorExampleUITests-checkManifestLockResult.txt",
			);
			runOnlyForDeploymentPostprocessing = 0;
			shellPath = /bin/sh;
			shellScript = "diff \"${PODS_PODFILE_DIR_PATH}/Podfile.lock\" \"${PODS_ROOT}/Manifest.lock\" > /dev/null\nif [ $? != 0 ] ; then\n    # print error to STDERR\n    echo \"error: The sandbox is not in sync with the Podfile.lock. Run 'pod install' or update your CocoaPods installation.\" >&2\n    exit 1\nfi\n# This output is used by Xcode 'outputs' to avoid re-running this script phase.\necho \"SUCCESS\" > \"${SCRIPT_OUTPUT_FILE_0}\"\n";
			showEnvVarsInLog = 0;
		};
/* End PBXShellScriptBuildPhase section */

/* Begin PBXSourcesBuildPhase section */
		A5BC7D5120D2344F00BD839C /* Sources */ = {
			isa = PBXSourcesBuildPhase;
			buildActionMask = 2147483647;
			files = (
				A5BC7D5B20D2344F00BD839C /* ViewController.swift in Sources */,
				A5BC7D5920D2344F00BD839C /* AppDelegate.swift in Sources */,
			);
			runOnlyForDeploymentPostprocessing = 0;
		};
		A5BC7D6520D2345100BD839C /* Sources */ = {
			isa = PBXSourcesBuildPhase;
			buildActionMask = 2147483647;
			files = (
				A56E79C420DA419500D33EDC /* ObservableExtensionTests.swift in Sources */,
				A52F227B20E460CC00D41784 /* AlwaysFailingTests.swift in Sources */,
				A58644BE20D77F0300B20C3B /* StringValidateRegexTests.swift in Sources */,
				A51E5B7420D8D4CA001DFB54 /* RxValidatorResultTests.swift in Sources */,
				A5F5F98320DC8271005B47C1 /* InstantValidateTests.swift in Sources */,
				A585C83020D9EA37001E80B3 /* ValidationWithRxSwiftTests.swift in Sources */,
				A5466E7020D746E100468D7D /* StringValidateTests.swift in Sources */,
				A5466E7220D7471D00468D7D /* DateValidateTests.swift in Sources */,
				A56E79BF20DA143200D33EDC /* IntValidateTests.swift in Sources */,
			);
			runOnlyForDeploymentPostprocessing = 0;
		};
		A5BC7D7020D2345100BD839C /* Sources */ = {
			isa = PBXSourcesBuildPhase;
			buildActionMask = 2147483647;
			files = (
				A5BC7D7920D2345100BD839C /* RxValidatorExampleUITests.swift in Sources */,
			);
			runOnlyForDeploymentPostprocessing = 0;
		};
/* End PBXSourcesBuildPhase section */

/* Begin PBXTargetDependency section */
		A5BC7D6B20D2345100BD839C /* PBXTargetDependency */ = {
			isa = PBXTargetDependency;
			target = A5BC7D5420D2344F00BD839C /* RxValidatorExample */;
			targetProxy = A5BC7D6A20D2345100BD839C /* PBXContainerItemProxy */;
		};
		A5BC7D7620D2345100BD839C /* PBXTargetDependency */ = {
			isa = PBXTargetDependency;
			target = A5BC7D5420D2344F00BD839C /* RxValidatorExample */;
			targetProxy = A5BC7D7520D2345100BD839C /* PBXContainerItemProxy */;
		};
/* End PBXTargetDependency section */

/* Begin PBXVariantGroup section */
		A5BC7D5C20D2344F00BD839C /* Main.storyboard */ = {
			isa = PBXVariantGroup;
			children = (
				A5BC7D5D20D2344F00BD839C /* Base */,
			);
			name = Main.storyboard;
			sourceTree = "<group>";
		};
		A5BC7D6120D2345100BD839C /* LaunchScreen.storyboard */ = {
			isa = PBXVariantGroup;
			children = (
				A5BC7D6220D2345100BD839C /* Base */,
			);
			name = LaunchScreen.storyboard;
			sourceTree = "<group>";
		};
/* End PBXVariantGroup section */

/* Begin XCBuildConfiguration section */
		A5BC7D7B20D2345100BD839C /* Debug */ = {
			isa = XCBuildConfiguration;
			buildSettings = {
				ALWAYS_SEARCH_USER_PATHS = NO;
				CLANG_ANALYZER_NONNULL = YES;
				CLANG_ANALYZER_NUMBER_OBJECT_CONVERSION = YES_AGGRESSIVE;
				CLANG_CXX_LANGUAGE_STANDARD = "gnu++14";
				CLANG_CXX_LIBRARY = "libc++";
				CLANG_ENABLE_MODULES = YES;
				CLANG_ENABLE_OBJC_ARC = YES;
				CLANG_ENABLE_OBJC_WEAK = YES;
				CLANG_WARN_BLOCK_CAPTURE_AUTORELEASING = YES;
				CLANG_WARN_BOOL_CONVERSION = YES;
				CLANG_WARN_COMMA = YES;
				CLANG_WARN_CONSTANT_CONVERSION = YES;
				CLANG_WARN_DEPRECATED_OBJC_IMPLEMENTATIONS = YES;
				CLANG_WARN_DIRECT_OBJC_ISA_USAGE = YES_ERROR;
				CLANG_WARN_DOCUMENTATION_COMMENTS = YES;
				CLANG_WARN_EMPTY_BODY = YES;
				CLANG_WARN_ENUM_CONVERSION = YES;
				CLANG_WARN_INFINITE_RECURSION = YES;
				CLANG_WARN_INT_CONVERSION = YES;
				CLANG_WARN_NON_LITERAL_NULL_CONVERSION = YES;
				CLANG_WARN_OBJC_IMPLICIT_RETAIN_SELF = YES;
				CLANG_WARN_OBJC_LITERAL_CONVERSION = YES;
				CLANG_WARN_OBJC_ROOT_CLASS = YES_ERROR;
				CLANG_WARN_RANGE_LOOP_ANALYSIS = YES;
				CLANG_WARN_STRICT_PROTOTYPES = YES;
				CLANG_WARN_SUSPICIOUS_MOVE = YES;
				CLANG_WARN_UNGUARDED_AVAILABILITY = YES_AGGRESSIVE;
				CLANG_WARN_UNREACHABLE_CODE = YES;
				CLANG_WARN__DUPLICATE_METHOD_MATCH = YES;
				CODE_SIGN_IDENTITY = "iPhone Developer";
				COPY_PHASE_STRIP = NO;
				DEBUG_INFORMATION_FORMAT = dwarf;
				ENABLE_STRICT_OBJC_MSGSEND = YES;
				ENABLE_TESTABILITY = YES;
				GCC_C_LANGUAGE_STANDARD = gnu11;
				GCC_DYNAMIC_NO_PIC = NO;
				GCC_NO_COMMON_BLOCKS = YES;
				GCC_OPTIMIZATION_LEVEL = 0;
				GCC_PREPROCESSOR_DEFINITIONS = (
					"DEBUG=1",
					"$(inherited)",
				);
				GCC_WARN_64_TO_32_BIT_CONVERSION = YES;
				GCC_WARN_ABOUT_RETURN_TYPE = YES_ERROR;
				GCC_WARN_UNDECLARED_SELECTOR = YES;
				GCC_WARN_UNINITIALIZED_AUTOS = YES_AGGRESSIVE;
				GCC_WARN_UNUSED_FUNCTION = YES;
				GCC_WARN_UNUSED_VARIABLE = YES;
				IPHONEOS_DEPLOYMENT_TARGET = 11.3;
				MTL_ENABLE_DEBUG_INFO = YES;
				ONLY_ACTIVE_ARCH = YES;
				SDKROOT = iphoneos;
				SWIFT_ACTIVE_COMPILATION_CONDITIONS = DEBUG;
				SWIFT_OPTIMIZATION_LEVEL = "-Onone";
			};
			name = Debug;
		};
		A5BC7D7C20D2345100BD839C /* Release */ = {
			isa = XCBuildConfiguration;
			buildSettings = {
				ALWAYS_SEARCH_USER_PATHS = NO;
				CLANG_ANALYZER_NONNULL = YES;
				CLANG_ANALYZER_NUMBER_OBJECT_CONVERSION = YES_AGGRESSIVE;
				CLANG_CXX_LANGUAGE_STANDARD = "gnu++14";
				CLANG_CXX_LIBRARY = "libc++";
				CLANG_ENABLE_MODULES = YES;
				CLANG_ENABLE_OBJC_ARC = YES;
				CLANG_ENABLE_OBJC_WEAK = YES;
				CLANG_WARN_BLOCK_CAPTURE_AUTORELEASING = YES;
				CLANG_WARN_BOOL_CONVERSION = YES;
				CLANG_WARN_COMMA = YES;
				CLANG_WARN_CONSTANT_CONVERSION = YES;
				CLANG_WARN_DEPRECATED_OBJC_IMPLEMENTATIONS = YES;
				CLANG_WARN_DIRECT_OBJC_ISA_USAGE = YES_ERROR;
				CLANG_WARN_DOCUMENTATION_COMMENTS = YES;
				CLANG_WARN_EMPTY_BODY = YES;
				CLANG_WARN_ENUM_CONVERSION = YES;
				CLANG_WARN_INFINITE_RECURSION = YES;
				CLANG_WARN_INT_CONVERSION = YES;
				CLANG_WARN_NON_LITERAL_NULL_CONVERSION = YES;
				CLANG_WARN_OBJC_IMPLICIT_RETAIN_SELF = YES;
				CLANG_WARN_OBJC_LITERAL_CONVERSION = YES;
				CLANG_WARN_OBJC_ROOT_CLASS = YES_ERROR;
				CLANG_WARN_RANGE_LOOP_ANALYSIS = YES;
				CLANG_WARN_STRICT_PROTOTYPES = YES;
				CLANG_WARN_SUSPICIOUS_MOVE = YES;
				CLANG_WARN_UNGUARDED_AVAILABILITY = YES_AGGRESSIVE;
				CLANG_WARN_UNREACHABLE_CODE = YES;
				CLANG_WARN__DUPLICATE_METHOD_MATCH = YES;
				CODE_SIGN_IDENTITY = "iPhone Developer";
				COPY_PHASE_STRIP = NO;
				DEBUG_INFORMATION_FORMAT = "dwarf-with-dsym";
				ENABLE_NS_ASSERTIONS = NO;
				ENABLE_STRICT_OBJC_MSGSEND = YES;
				GCC_C_LANGUAGE_STANDARD = gnu11;
				GCC_NO_COMMON_BLOCKS = YES;
				GCC_WARN_64_TO_32_BIT_CONVERSION = YES;
				GCC_WARN_ABOUT_RETURN_TYPE = YES_ERROR;
				GCC_WARN_UNDECLARED_SELECTOR = YES;
				GCC_WARN_UNINITIALIZED_AUTOS = YES_AGGRESSIVE;
				GCC_WARN_UNUSED_FUNCTION = YES;
				GCC_WARN_UNUSED_VARIABLE = YES;
				IPHONEOS_DEPLOYMENT_TARGET = 11.3;
				MTL_ENABLE_DEBUG_INFO = NO;
				SDKROOT = iphoneos;
				SWIFT_COMPILATION_MODE = wholemodule;
				SWIFT_OPTIMIZATION_LEVEL = "-O";
				VALIDATE_PRODUCT = YES;
			};
			name = Release;
		};
		A5BC7D7E20D2345100BD839C /* Debug */ = {
			isa = XCBuildConfiguration;
			baseConfigurationReference = CD0669F8E571E2D7DD891DD8 /* Pods-RxValidatorExample.debug.xcconfig */;
			buildSettings = {
				ASSETCATALOG_COMPILER_APPICON_NAME = AppIcon;
				CODE_SIGN_STYLE = Automatic;
				DEVELOPMENT_TEAM = J4Z73MTKEX;
				INFOPLIST_FILE = RxValidatorExample/Info.plist;
				LD_RUNPATH_SEARCH_PATHS = (
					"$(inherited)",
					"@executable_path/Frameworks",
				);
				PRODUCT_BUNDLE_IDENTIFIER = io.github.vbmania.RxValidator.Exam.RxValidatorExample;
				PRODUCT_NAME = "$(TARGET_NAME)";
				SWIFT_VERSION = 4.0;
				TARGETED_DEVICE_FAMILY = "1,2";
			};
			name = Debug;
		};
		A5BC7D7F20D2345100BD839C /* Release */ = {
			isa = XCBuildConfiguration;
			baseConfigurationReference = B65D1B8AD60C4BBD9C38689D /* Pods-RxValidatorExample.release.xcconfig */;
			buildSettings = {
				ASSETCATALOG_COMPILER_APPICON_NAME = AppIcon;
				CODE_SIGN_STYLE = Automatic;
				DEVELOPMENT_TEAM = J4Z73MTKEX;
				INFOPLIST_FILE = RxValidatorExample/Info.plist;
				LD_RUNPATH_SEARCH_PATHS = (
					"$(inherited)",
					"@executable_path/Frameworks",
				);
				PRODUCT_BUNDLE_IDENTIFIER = io.github.vbmania.RxValidator.Exam.RxValidatorExample;
				PRODUCT_NAME = "$(TARGET_NAME)";
				SWIFT_VERSION = 4.0;
				TARGETED_DEVICE_FAMILY = "1,2";
			};
			name = Release;
		};
		A5BC7D8120D2345100BD839C /* Debug */ = {
			isa = XCBuildConfiguration;
			baseConfigurationReference = 23C0F9BFACA488585ADF1009 /* Pods-RxValidatorExampleTests.debug.xcconfig */;
			buildSettings = {
				BUNDLE_LOADER = "$(TEST_HOST)";
				CODE_SIGN_STYLE = Automatic;
				DEVELOPMENT_TEAM = J4Z73MTKEX;
				INFOPLIST_FILE = RxValidatorExampleTests/Info.plist;
				LD_RUNPATH_SEARCH_PATHS = (
					"$(inherited)",
					"@executable_path/Frameworks",
					"@loader_path/Frameworks",
				);
				PRODUCT_BUNDLE_IDENTIFIER = io.github.vbmania.RxValidator.Exam.RxValidatorExampleTests;
				PRODUCT_NAME = "$(TARGET_NAME)";
				SWIFT_VERSION = 4.0;
				TARGETED_DEVICE_FAMILY = "1,2";
				TEST_HOST = "$(BUILT_PRODUCTS_DIR)/RxValidatorExample.app/RxValidatorExample";
			};
			name = Debug;
		};
		A5BC7D8220D2345100BD839C /* Release */ = {
			isa = XCBuildConfiguration;
			baseConfigurationReference = A4D702AEE9C4A0A9CF13F600 /* Pods-RxValidatorExampleTests.release.xcconfig */;
			buildSettings = {
				BUNDLE_LOADER = "$(TEST_HOST)";
				CODE_SIGN_STYLE = Automatic;
				DEVELOPMENT_TEAM = J4Z73MTKEX;
				INFOPLIST_FILE = RxValidatorExampleTests/Info.plist;
				LD_RUNPATH_SEARCH_PATHS = (
					"$(inherited)",
					"@executable_path/Frameworks",
					"@loader_path/Frameworks",
				);
				PRODUCT_BUNDLE_IDENTIFIER = io.github.vbmania.RxValidator.Exam.RxValidatorExampleTests;
				PRODUCT_NAME = "$(TARGET_NAME)";
				SWIFT_VERSION = 4.0;
				TARGETED_DEVICE_FAMILY = "1,2";
				TEST_HOST = "$(BUILT_PRODUCTS_DIR)/RxValidatorExample.app/RxValidatorExample";
			};
			name = Release;
		};
		A5BC7D8420D2345100BD839C /* Debug */ = {
			isa = XCBuildConfiguration;
			baseConfigurationReference = F3D80D89C1159EDD41951F8C /* Pods-RxValidatorExampleUITests.debug.xcconfig */;
			buildSettings = {
				CODE_SIGN_STYLE = Automatic;
				DEVELOPMENT_TEAM = J4Z73MTKEX;
				INFOPLIST_FILE = RxValidatorExampleUITests/Info.plist;
				LD_RUNPATH_SEARCH_PATHS = (
					"$(inherited)",
					"@executable_path/Frameworks",
					"@loader_path/Frameworks",
				);
				PRODUCT_BUNDLE_IDENTIFIER = io.github.vbmania.RxValidator.Exam.RxValidatorExampleUITests;
				PRODUCT_NAME = "$(TARGET_NAME)";
				SWIFT_VERSION = 4.0;
				TARGETED_DEVICE_FAMILY = "1,2";
				TEST_TARGET_NAME = RxValidatorExample;
			};
			name = Debug;
		};
		A5BC7D8520D2345100BD839C /* Release */ = {
			isa = XCBuildConfiguration;
			baseConfigurationReference = 12AD43436D7F95AE6A2B8B2A /* Pods-RxValidatorExampleUITests.release.xcconfig */;
			buildSettings = {
				CODE_SIGN_STYLE = Automatic;
				DEVELOPMENT_TEAM = J4Z73MTKEX;
				INFOPLIST_FILE = RxValidatorExampleUITests/Info.plist;
				LD_RUNPATH_SEARCH_PATHS = (
					"$(inherited)",
					"@executable_path/Frameworks",
					"@loader_path/Frameworks",
				);
				PRODUCT_BUNDLE_IDENTIFIER = io.github.vbmania.RxValidator.Exam.RxValidatorExampleUITests;
				PRODUCT_NAME = "$(TARGET_NAME)";
				SWIFT_VERSION = 4.0;
				TARGETED_DEVICE_FAMILY = "1,2";
				TEST_TARGET_NAME = RxValidatorExample;
			};
			name = Release;
		};
/* End XCBuildConfiguration section */

/* Begin XCConfigurationList section */
		A5BC7D5020D2344F00BD839C /* Build configuration list for PBXProject "RxValidatorExample" */ = {
			isa = XCConfigurationList;
			buildConfigurations = (
				A5BC7D7B20D2345100BD839C /* Debug */,
				A5BC7D7C20D2345100BD839C /* Release */,
			);
			defaultConfigurationIsVisible = 0;
			defaultConfigurationName = Release;
		};
		A5BC7D7D20D2345100BD839C /* Build configuration list for PBXNativeTarget "RxValidatorExample" */ = {
			isa = XCConfigurationList;
			buildConfigurations = (
				A5BC7D7E20D2345100BD839C /* Debug */,
				A5BC7D7F20D2345100BD839C /* Release */,
			);
			defaultConfigurationIsVisible = 0;
			defaultConfigurationName = Release;
		};
		A5BC7D8020D2345100BD839C /* Build configuration list for PBXNativeTarget "RxValidatorExampleTests" */ = {
			isa = XCConfigurationList;
			buildConfigurations = (
				A5BC7D8120D2345100BD839C /* Debug */,
				A5BC7D8220D2345100BD839C /* Release */,
			);
			defaultConfigurationIsVisible = 0;
			defaultConfigurationName = Release;
		};
		A5BC7D8320D2345100BD839C /* Build configuration list for PBXNativeTarget "RxValidatorExampleUITests" */ = {
			isa = XCConfigurationList;
			buildConfigurations = (
				A5BC7D8420D2345100BD839C /* Debug */,
				A5BC7D8520D2345100BD839C /* Release */,
			);
			defaultConfigurationIsVisible = 0;
			defaultConfigurationName = Release;
		};
/* End XCConfigurationList section */
	};
	rootObject = A5BC7D4D20D2344F00BD839C /* Project object */;
}
